{
  "version": 4,
  "terraform_version": "0.12.9",
  "serial": 35,
  "lineage": "e52773a7-f906-0bdb-2e87-0ebecb6b6530",
  "outputs": {
    "eip_instacia": {
      "value": "18.229.94.229",
      "type": "string"
    }
  },
  "resources": [
    {
      "mode": "managed",
      "type": "aws_eip",
      "name": "instance_eip",
      "provider": "provider.aws",
      "instances": [
        {
          "schema_version": 0,
          "attributes": {
            "allocation_id": null,
            "associate_with_private_ip": null,
            "association_id": "eipassoc-0861fefb506fa1d47",
            "domain": "vpc",
            "id": "eipalloc-0bd862f81c747e66c",
            "instance": "i-070a8bce351874a6c",
            "network_interface": "eni-03ee8b0cfafb7866e",
            "private_dns": "ip-172-31-27-177.sa-east-1.compute.internal",
            "private_ip": "172.31.27.177",
            "public_dns": "ec2-18-229-94-229.sa-east-1.compute.amazonaws.com",
            "public_ip": "18.229.94.229",
            "public_ipv4_pool": "amazon",
            "tags": {},
            "timeouts": null,
            "vpc": true
          },
          "private": "eyJlMmJmYjczMC1lY2FhLTExZTYtOGY4OC0zNDM2M2JjN2M0YzAiOnsiZGVsZXRlIjoxODAwMDAwMDAwMDAsInJlYWQiOjkwMDAwMDAwMDAwMCwidXBkYXRlIjozMDAwMDAwMDAwMDB9fQ==",
          "depends_on": [
            "aws_instance.instacia_web"
          ]
        }
      ]
    },
    {
      "mode": "managed",
      "type": "aws_instance",
      "name": "instacia_web",
      "provider": "provider.aws",
      "instances": [
        {
          "schema_version": 1,
          "attributes": {
            "ami": "ami-02c8813f1ea04d4ab",
            "arn": "arn:aws:ec2:sa-east-1:767167112715:instance/i-070a8bce351874a6c",
            "associate_public_ip_address": true,
            "availability_zone": "sa-east-1c",
            "cpu_core_count": 1,
            "cpu_threads_per_core": 2,
            "credit_specification": [
              {
                "cpu_credits": "unlimited"
              }
            ],
            "disable_api_termination": false,
            "ebs_block_device": [],
            "ebs_optimized": false,
            "ephemeral_block_device": [],
            "get_password_data": false,
            "host_id": null,
            "iam_instance_profile": "",
            "id": "i-070a8bce351874a6c",
            "instance_initiated_shutdown_behavior": null,
            "instance_state": "running",
            "instance_type": "t3.micro",
            "ipv6_address_count": 0,
            "ipv6_addresses": [],
            "key_name": "terraform-test-key",
            "monitoring": false,
            "network_interface": [],
            "network_interface_id": null,
            "password_data": "",
            "placement_group": "",
            "primary_network_interface_id": "eni-03ee8b0cfafb7866e",
            "private_dns": "ip-172-31-27-177.sa-east-1.compute.internal",
            "private_ip": "172.31.27.177",
            "public_dns": "ec2-18-229-94-229.sa-east-1.compute.amazonaws.com",
            "public_ip": "18.229.94.229",
            "root_block_device": [
              {
                "delete_on_termination": true,
                "encrypted": false,
                "iops": 100,
                "kms_key_id": "",
                "volume_id": "vol-0b59a8f4852968a21",
                "volume_size": 8,
                "volume_type": "gp2"
              }
            ],
            "security_groups": [
              "allow_ssh_anywhere"
            ],
            "source_dest_check": true,
            "subnet_id": "subnet-1a993541",
            "tags": {
              "Environment": "Develop",
              "Name": "practica3"
            },
            "tenancy": "default",
            "timeouts": null,
            "user_data": "d8dad0d61623aa6f5356258b605adf8145664d9c",
            "user_data_base64": null,
            "volume_tags": {},
            "vpc_security_group_ids": [
              "sg-04e1231a842127026",
              "sg-059f3505e45d53f25"
            ]
          },
          "private": "eyJlMmJmYjczMC1lY2FhLTExZTYtOGY4OC0zNDM2M2JjN2M0YzAiOnsiY3JlYXRlIjo2MDAwMDAwMDAwMDAsImRlbGV0ZSI6MTIwMDAwMDAwMDAwMCwidXBkYXRlIjo2MDAwMDAwMDAwMDB9LCJzY2hlbWFfdmVyc2lvbiI6IjEifQ==",
          "depends_on": [
            "aws_key_pair.keypair",
            "aws_security_group.allow_http_anywhere",
            "aws_security_group.allow_ssh_anywhere"
          ]
        }
      ]
    },
    {
      "mode": "managed",
      "type": "aws_key_pair",
      "name": "keypair",
      "provider": "provider.aws",
      "instances": [
        {
          "schema_version": 1,
          "attributes": {
            "fingerprint": "77:e4:2e:8b:8e:d1:ec:df:6a:68:08:19:0e:cc:3f:d0",
            "id": "terraform-test-key",
            "key_name": "terraform-test-key",
            "key_name_prefix": null,
            "public_key": "ssh-rsa AAAAB3NzaC1yc2EAAAADAQABAAACAQCvU6/LBRm2noz46KGAghq3czNKTzEl8cxSqCiqW2BpQit/atUke9IxnsBBHLBdOvbdchbtM1UcgNo9No9kbIAD0aBH1xEIeHAPr1bQi7arx8JbGFaWlgDxdPECToxOiaVTXpKfkxYcnax/1N/aazgGKw1rvzv1uQSEUWTLKBiXjwQdhRM8HWt7W6Ift5whA0qEwOwUA7OJx5fjifWVnQCF3GnnvRposC2ihGa4tD/M8cLqblOE7OvNcDLUsz+lDCvHakqoU+zFJh5wlXtpf181JOFxPuvANnQtXxUiiFeUaUvBqIwK1xRUgA85aoPuxgu4HDOnrfpUCpN7PpUsn8lt4Zey9x61DWF0eVBw7rbxTy8cjbcVdVs4eciMkmfrsEBA2nsQArQjTuFjaQIbjO13gmBCHCu26uOXc5O6yVPQmeKgCV9YUxRPezU4830/6Q3XZizyhY/nOskehj8sqbtU9x3dOKLIWt3vY2awRBBQ526tkDtbhyEtUVaBqP9PfBDX+sLTobeAYN0I4pHSRkXuYWxuehf5zIN9XTCzQ/ObZOiJIF53Fa0DWG+VUbFJgDtczdmZWT6P65jbRsAQMJXJcXH2ktoNgXzK4QjjUPBSYsd5/TSKEY7dZE0V/WcfebQMccvd3+kUg+BcqSyLvpwSORdU9ZlTemskUTyogKaZEQ== pulidovpe.dev@gmail.com"
          },
          "private": "eyJzY2hlbWFfdmVyc2lvbiI6IjEifQ=="
        }
      ]
    },
    {
      "mode": "managed",
      "type": "aws_security_group",
      "name": "allow_http_anywhere",
      "provider": "provider.aws",
      "instances": [
        {
          "schema_version": 1,
          "attributes": {
            "arn": "arn:aws:ec2:sa-east-1:767167112715:security-group/sg-059f3505e45d53f25",
            "description": "Allow all inbound traffic to http",
            "egress": [
              {
                "cidr_blocks": [
                  "0.0.0.0/0"
                ],
                "description": "",
                "from_port": 0,
                "ipv6_cidr_blocks": [],
                "prefix_list_ids": [],
                "protocol": "-1",
                "security_groups": [],
                "self": false,
                "to_port": 0
              }
            ],
            "id": "sg-059f3505e45d53f25",
            "ingress": [
              {
                "cidr_blocks": [
                  "0.0.0.0/0"
                ],
                "description": "",
                "from_port": 80,
                "ipv6_cidr_blocks": [],
                "prefix_list_ids": [],
                "protocol": "tcp",
                "security_groups": [],
                "self": false,
                "to_port": 80
              }
            ],
            "name": "allow_http_anywhere",
            "name_prefix": null,
            "owner_id": "767167112715",
            "revoke_rules_on_delete": false,
            "tags": null,
            "timeouts": null,
            "vpc_id": "vpc-e0615587"
          },
          "private": "eyJlMmJmYjczMC1lY2FhLTExZTYtOGY4OC0zNDM2M2JjN2M0YzAiOnsiY3JlYXRlIjo2MDAwMDAwMDAwMDAsImRlbGV0ZSI6NjAwMDAwMDAwMDAwfSwic2NoZW1hX3ZlcnNpb24iOiIxIn0="
        }
      ]
    },
    {
      "mode": "managed",
      "type": "aws_security_group",
      "name": "allow_ssh_anywhere",
      "provider": "provider.aws",
      "instances": [
        {
          "schema_version": 1,
          "attributes": {
            "arn": "arn:aws:ec2:sa-east-1:767167112715:security-group/sg-04e1231a842127026",
            "description": "Allow all inbound traffic to ssh",
            "egress": [
              {
                "cidr_blocks": [
                  "0.0.0.0/0"
                ],
                "description": "",
                "from_port": 0,
                "ipv6_cidr_blocks": [],
                "prefix_list_ids": [],
                "protocol": "-1",
                "security_groups": [],
                "self": false,
                "to_port": 0
              }
            ],
            "id": "sg-04e1231a842127026",
            "ingress": [
              {
                "cidr_blocks": [
                  "0.0.0.0/0"
                ],
                "description": "",
                "from_port": 22,
                "ipv6_cidr_blocks": [],
                "prefix_list_ids": [],
                "protocol": "tcp",
                "security_groups": [],
                "self": false,
                "to_port": 22
              }
            ],
            "name": "allow_ssh_anywhere",
            "name_prefix": null,
            "owner_id": "767167112715",
            "revoke_rules_on_delete": false,
            "tags": {},
            "timeouts": null,
            "vpc_id": "vpc-e0615587"
          },
          "private": "eyJlMmJmYjczMC1lY2FhLTExZTYtOGY4OC0zNDM2M2JjN2M0YzAiOnsiY3JlYXRlIjo2MDAwMDAwMDAwMDAsImRlbGV0ZSI6NjAwMDAwMDAwMDAwfSwic2NoZW1hX3ZlcnNpb24iOiIxIn0="
        }
      ]
    }
  ]
}
