{
  "version": 4,
  "terraform_version": "0.12.9",
  "serial": 3,
  "lineage": "4c4a5b47-96db-272f-d891-af9f9e02304c",
  "outputs": {},
  "resources": [
    {
      "mode": "managed",
      "type": "aws_s3_bucket",
      "name": "tf-backend",
      "provider": "provider.aws",
      "instances": [
        {
          "schema_version": 0,
          "attributes": {
            "acceleration_status": "",
            "acl": "private",
            "arn": "arn:aws:s3:::tf-backend-aventura-tech",
            "bucket": "tf-backend-aventura-tech",
            "bucket_domain_name": "tf-backend-aventura-tech.s3.amazonaws.com",
            "bucket_prefix": null,
            "bucket_regional_domain_name": "tf-backend-aventura-tech.s3.sa-east-1.amazonaws.com",
            "cors_rule": [],
            "force_destroy": false,
            "hosted_zone_id": "Z7KQH4QJS55SO",
            "id": "tf-backend-aventura-tech",
            "lifecycle_rule": [],
            "logging": [],
            "object_lock_configuration": [],
            "policy": null,
            "region": "sa-east-1",
            "replication_configuration": [],
            "request_payer": "BucketOwner",
            "server_side_encryption_configuration": [],
            "tags": {
              "CreatedBy": "Terraform",
              "Environment": "Dev"
            },
            "versioning": [
              {
                "enabled": false,
                "mfa_delete": false
              }
            ],
            "website": [],
            "website_domain": null,
            "website_endpoint": null
          },
          "private": "bnVsbA=="
        }
      ]
    }
  ]
}
