{
  "version": 4,
  "terraform_version": "0.12.9",
  "serial": 14,
  "lineage": "d68c3cbd-cc1e-0c34-0f04-29d9f18273b1",
  "outputs": {},
  "resources": [
    {
      "mode": "data",
      "type": "aws_ami",
      "name": "ubuntu",
      "provider": "provider.aws",
      "instances": [
        {
          "schema_version": 0,
          "attributes": {
            "architecture": "x86_64",
            "block_device_mappings": [
              {
                "device_name": "/dev/sda1",
                "ebs": {
                  "delete_on_termination": "true",
                  "encrypted": "false",
                  "iops": "0",
                  "snapshot_id": "snap-06fb164621fcbf54e",
                  "volume_size": "8",
                  "volume_type": "gp2"
                },
                "no_device": "",
                "virtual_name": ""
              },
              {
                "device_name": "/dev/sdb",
                "ebs": {},
                "no_device": "",
                "virtual_name": "ephemeral0"
              },
              {
                "device_name": "/dev/sdc",
                "ebs": {},
                "no_device": "",
                "virtual_name": "ephemeral1"
              }
            ],
            "creation_date": "2019-10-02T23:28:55.000Z",
            "description": "Canonical, Ubuntu, 18.04 LTS, amd64 bionic image build on 2019-10-02",
            "executable_users": null,
            "filter": [
              {
                "name": "name",
                "values": [
                  "ubuntu/images/hvm-ssd/ubuntu-bionic-18.04-amd64-server-*"
                ]
              },
              {
                "name": "virtualization-type",
                "values": [
                  "hvm"
                ]
              }
            ],
            "hypervisor": "xen",
            "id": "ami-02c8813f1ea04d4ab",
            "image_id": "ami-02c8813f1ea04d4ab",
            "image_location": "099720109477/ubuntu/images/hvm-ssd/ubuntu-bionic-18.04-amd64-server-20191002",
            "image_owner_alias": null,
            "image_type": "machine",
            "kernel_id": null,
            "most_recent": true,
            "name": "ubuntu/images/hvm-ssd/ubuntu-bionic-18.04-amd64-server-20191002",
            "name_regex": null,
            "owner_id": "099720109477",
            "owners": [
              "099720109477"
            ],
            "platform": null,
            "product_codes": [],
            "public": true,
            "ramdisk_id": null,
            "root_device_name": "/dev/sda1",
            "root_device_type": "ebs",
            "root_snapshot_id": "snap-06fb164621fcbf54e",
            "sriov_net_support": "simple",
            "state": "available",
            "state_reason": {
              "code": "UNSET",
              "message": "UNSET"
            },
            "tags": {},
            "virtualization_type": "hvm"
          }
        }
      ]
    },
    {
      "mode": "data",
      "type": "aws_subnet_ids",
      "name": "selected",
      "provider": "provider.aws",
      "instances": [
        {
          "schema_version": 0,
          "attributes": {
            "filter": null,
            "id": "vpc-e0615587",
            "ids": [
              "subnet-1a993541",
              "subnet-7501a713"
            ],
            "tags": null,
            "vpc_id": "vpc-e0615587"
          },
          "depends_on": [
            "data.aws_vpc.selected"
          ]
        }
      ]
    },
    {
      "mode": "data",
      "type": "aws_vpc",
      "name": "selected",
      "provider": "provider.aws",
      "instances": [
        {
          "schema_version": 0,
          "attributes": {
            "arn": "arn:aws:ec2:sa-east-1:767167112715:vpc/vpc-e0615587",
            "cidr_block": "172.31.0.0/16",
            "cidr_block_associations": [
              {
                "association_id": "vpc-cidr-assoc-cede8ca6",
                "cidr_block": "172.31.0.0/16",
                "state": "associated"
              }
            ],
            "default": true,
            "dhcp_options_id": "dopt-9bb637fc",
            "enable_dns_hostnames": true,
            "enable_dns_support": true,
            "filter": null,
            "id": "vpc-e0615587",
            "instance_tenancy": "default",
            "ipv6_association_id": null,
            "ipv6_cidr_block": null,
            "main_route_table_id": "rtb-47330820",
            "owner_id": "767167112715",
            "state": "available",
            "tags": {}
          }
        }
      ]
    },
    {
      "mode": "managed",
      "type": "aws_autoscaling_group",
      "name": "web",
      "provider": "provider.aws",
      "instances": [
        {
          "schema_version": 0,
          "attributes": {
            "arn": "arn:aws:autoscaling:sa-east-1:767167112715:autoScalingGroup:2fdfafa0-e0ff-4a50-89f7-96f61e421d7f:autoScalingGroupName/terraform-practice-web",
            "availability_zones": [
              "sa-east-1a",
              "sa-east-1c"
            ],
            "default_cooldown": 300,
            "desired_capacity": 0,
            "enabled_metrics": [],
            "force_delete": false,
            "health_check_grace_period": 300,
            "health_check_type": "EC2",
            "id": "terraform-practice-web",
            "initial_lifecycle_hook": [],
            "launch_configuration": "terraform-practice-lc_20191007211810156700000001",
            "launch_template": [],
            "load_balancers": [],
            "max_size": 2,
            "metrics_granularity": "1Minute",
            "min_elb_capacity": null,
            "min_size": 0,
            "mixed_instances_policy": [],
            "name": "terraform-practice-web",
            "name_prefix": null,
            "placement_group": "",
            "protect_from_scale_in": false,
            "service_linked_role_arn": "arn:aws:iam::767167112715:role/aws-service-role/autoscaling.amazonaws.com/AWSServiceRoleForAutoScaling",
            "suspended_processes": [],
            "tag": [
              {
                "key": "Name",
                "propagate_at_launch": true,
                "value": "terraform-practice-web-asg"
              }
            ],
            "tags": null,
            "target_group_arns": [],
            "termination_policies": [],
            "timeouts": null,
            "vpc_zone_identifier": [
              "subnet-1a993541",
              "subnet-7501a713"
            ],
            "wait_for_capacity_timeout": "10m",
            "wait_for_elb_capacity": null
          },
          "private": "eyJlMmJmYjczMC1lY2FhLTExZTYtOGY4OC0zNDM2M2JjN2M0YzAiOnsiZGVsZXRlIjo2MDAwMDAwMDAwMDB9fQ==",
          "depends_on": [
            "aws_launch_configuration.web"
          ]
        }
      ]
    },
    {
      "mode": "managed",
      "type": "aws_key_pair",
      "name": "keypair",
      "provider": "provider.aws",
      "instances": [
        {
          "schema_version": 1,
          "attributes": {
            "fingerprint": "77:e4:2e:8b:8e:d1:ec:df:6a:68:08:19:0e:cc:3f:d0",
            "id": "terraform-test-key",
            "key_name": "terraform-test-key",
            "key_name_prefix": null,
            "public_key": "ssh-rsa AAAAB3NzaC1yc2EAAAADAQABAAACAQCvU6/LBRm2noz46KGAghq3czNKTzEl8cxSqCiqW2BpQit/atUke9IxnsBBHLBdOvbdchbtM1UcgNo9No9kbIAD0aBH1xEIeHAPr1bQi7arx8JbGFaWlgDxdPECToxOiaVTXpKfkxYcnax/1N/aazgGKw1rvzv1uQSEUWTLKBiXjwQdhRM8HWt7W6Ift5whA0qEwOwUA7OJx5fjifWVnQCF3GnnvRposC2ihGa4tD/M8cLqblOE7OvNcDLUsz+lDCvHakqoU+zFJh5wlXtpf181JOFxPuvANnQtXxUiiFeUaUvBqIwK1xRUgA85aoPuxgu4HDOnrfpUCpN7PpUsn8lt4Zey9x61DWF0eVBw7rbxTy8cjbcVdVs4eciMkmfrsEBA2nsQArQjTuFjaQIbjO13gmBCHCu26uOXc5O6yVPQmeKgCV9YUxRPezU4830/6Q3XZizyhY/nOskehj8sqbtU9x3dOKLIWt3vY2awRBBQ526tkDtbhyEtUVaBqP9PfBDX+sLTobeAYN0I4pHSRkXuYWxuehf5zIN9XTCzQ/ObZOiJIF53Fa0DWG+VUbFJgDtczdmZWT6P65jbRsAQMJXJcXH2ktoNgXzK4QjjUPBSYsd5/TSKEY7dZE0V/WcfebQMccvd3+kUg+BcqSyLvpwSORdU9ZlTemskUTyogKaZEQ== pulidovpe.dev@gmail.com"
          },
          "private": "eyJzY2hlbWFfdmVyc2lvbiI6IjEifQ=="
        }
      ]
    },
    {
      "mode": "managed",
      "type": "aws_launch_configuration",
      "name": "web",
      "provider": "provider.aws",
      "instances": [
        {
          "schema_version": 0,
          "attributes": {
            "associate_public_ip_address": false,
            "ebs_block_device": [],
            "ebs_optimized": false,
            "enable_monitoring": true,
            "ephemeral_block_device": [],
            "iam_instance_profile": "",
            "id": "terraform-practice-lc_20191007211810156700000001",
            "image_id": "ami-02c8813f1ea04d4ab",
            "instance_type": "t3.micro",
            "key_name": "terraform-test-key",
            "name": "terraform-practice-lc_20191007211810156700000001",
            "name_prefix": "terraform-practice-lc_",
            "placement_tenancy": null,
            "root_block_device": [],
            "security_groups": [
              "sg-0b6f9dd068b9529cb",
              "sg-0ef0bf104f8482a2c"
            ],
            "spot_price": "",
            "user_data": "d8dad0d61623aa6f5356258b605adf8145664d9c",
            "user_data_base64": null,
            "vpc_classic_link_id": "",
            "vpc_classic_link_security_groups": []
          },
          "private": "bnVsbA==",
          "depends_on": [
            "aws_key_pair.keypair",
            "aws_security_group.allow_http_anywhere",
            "aws_security_group.allow_ssh_anywhere",
            "data.aws_ami.ubuntu"
          ]
        }
      ]
    },
    {
      "mode": "managed",
      "type": "aws_security_group",
      "name": "allow_http_anywhere",
      "provider": "provider.aws",
      "instances": [
        {
          "schema_version": 1,
          "attributes": {
            "arn": "arn:aws:ec2:sa-east-1:767167112715:security-group/sg-0ef0bf104f8482a2c",
            "description": "Allow all inbound traffic to http",
            "egress": [
              {
                "cidr_blocks": [
                  "0.0.0.0/0"
                ],
                "description": "",
                "from_port": 0,
                "ipv6_cidr_blocks": [],
                "prefix_list_ids": [],
                "protocol": "-1",
                "security_groups": [],
                "self": false,
                "to_port": 0
              }
            ],
            "id": "sg-0ef0bf104f8482a2c",
            "ingress": [
              {
                "cidr_blocks": [
                  "0.0.0.0/0"
                ],
                "description": "",
                "from_port": 80,
                "ipv6_cidr_blocks": [],
                "prefix_list_ids": [],
                "protocol": "tcp",
                "security_groups": [],
                "self": false,
                "to_port": 80
              }
            ],
            "name": "allow_http_anywhere",
            "name_prefix": null,
            "owner_id": "767167112715",
            "revoke_rules_on_delete": false,
            "tags": {},
            "timeouts": null,
            "vpc_id": "vpc-e0615587"
          },
          "private": "eyJlMmJmYjczMC1lY2FhLTExZTYtOGY4OC0zNDM2M2JjN2M0YzAiOnsiY3JlYXRlIjo2MDAwMDAwMDAwMDAsImRlbGV0ZSI6NjAwMDAwMDAwMDAwfSwic2NoZW1hX3ZlcnNpb24iOiIxIn0=",
          "depends_on": [
            "data.aws_vpc.selected"
          ]
        }
      ]
    },
    {
      "mode": "managed",
      "type": "aws_security_group",
      "name": "allow_ssh_anywhere",
      "provider": "provider.aws",
      "instances": [
        {
          "schema_version": 1,
          "attributes": {
            "arn": "arn:aws:ec2:sa-east-1:767167112715:security-group/sg-0b6f9dd068b9529cb",
            "description": "Allow all inbound traffic to ssh",
            "egress": [
              {
                "cidr_blocks": [
                  "0.0.0.0/0"
                ],
                "description": "",
                "from_port": 0,
                "ipv6_cidr_blocks": [],
                "prefix_list_ids": [],
                "protocol": "-1",
                "security_groups": [],
                "self": false,
                "to_port": 0
              }
            ],
            "id": "sg-0b6f9dd068b9529cb",
            "ingress": [
              {
                "cidr_blocks": [
                  "0.0.0.0/0"
                ],
                "description": "",
                "from_port": 22,
                "ipv6_cidr_blocks": [],
                "prefix_list_ids": [],
                "protocol": "tcp",
                "security_groups": [],
                "self": false,
                "to_port": 22
              }
            ],
            "name": "allow_ssh_anywhere",
            "name_prefix": null,
            "owner_id": "767167112715",
            "revoke_rules_on_delete": false,
            "tags": {},
            "timeouts": null,
            "vpc_id": "vpc-e0615587"
          },
          "private": "eyJlMmJmYjczMC1lY2FhLTExZTYtOGY4OC0zNDM2M2JjN2M0YzAiOnsiY3JlYXRlIjo2MDAwMDAwMDAwMDAsImRlbGV0ZSI6NjAwMDAwMDAwMDAwfSwic2NoZW1hX3ZlcnNpb24iOiIxIn0=",
          "depends_on": [
            "data.aws_vpc.selected"
          ]
        }
      ]
    }
  ]
}
